
Microsoft Visual Studio Solution File, Format Version 12.00
# Visual Studio Version 17
VisualStudioVersion = 17.14.36401.2
MinimumVisualStudioVersion = 10.0.40219.1
Project("{FAE04EC0-301F-11D3-BF4B-00C04F79EFBC}") = "netDNS", "netDNS\netDNS.csproj", "{3999581B-4F4E-5D81-7B9E-E8F0DA61107C}"
EndProject
Global
	GlobalSection(SolutionConfigurationPlatforms) = preSolution
		Debug|Any CPU = Debug|Any CPU
		Release|Any CPU = Release|Any CPU
	EndGlobalSection
	GlobalSection(ProjectConfigurationPlatforms) = postSolution
		{3999581B-4F4E-5D81-7B9E-E8F0DA61107C}.Debug|Any CPU.ActiveCfg = Debug|Any CPU
		{3999581B-4F4E-5D81-7B9E-E8F0DA61107C}.Debug|Any CPU.Build.0 = Debug|Any CPU
		{3999581B-4F4E-5D81-7B9E-E8F0DA61107C}.Release|Any CPU.ActiveCfg = Release|Any CPU
		{3999581B-4F4E-5D81-7B9E-E8F0DA61107C}.Release|Any CPU.Build.0 = Release|Any CPU
	EndGlobalSection
	GlobalSection(SolutionProperties) = preSolution
		HideSolutionNode = FALSE
	EndGlobalSection
	GlobalSection(ExtensibilityGlobals) = postSolution
		SolutionGuid = {773EAB2C-D9C0-4249-947C-0EC2C5DD98B6}
	EndGlobalSection
EndGlobal
